
Microsoft Visual Studio Solution File, Format Version 12.00
# Visual Studio 15
VisualStudioVersion = 15.0.28010.2050
MinimumVisualStudioVersion = 10.0.40219.1
Project("{9A19103F-16F7-4668-BE54-9A1E7A4F7556}") = "PowerKeeper.Tests", "PowerKeeper.Tests\PowerKeeper.Tests.csproj", "{26650674-E66A-4D8B-8DDA-40A81B44D864}"
EndProject
Project("{9A19103F-16F7-4668-BE54-9A1E7A4F7556}") = "PowerKeeper.Domain.Core", "PowerKeeper.Domain.Core\PowerKeeper.Domain.Core.csproj", "{164F5358-681E-4B8B-8942-E319ACD30D7E}"
EndProject
Project("{9A19103F-16F7-4668-BE54-9A1E7A4F7556}") = "PowerKeeper.Domain", "PowerKeeper.Domain\PowerKeeper.Domain.csproj", "{5B7BDFF3-5DFD-453D-8ECD-9C7AC0464662}"
EndProject
Project("{9A19103F-16F7-4668-BE54-9A1E7A4F7556}") = "PowerKeeper.Infrastruct.Data", "PowerKeeper.Infrastruct.Data\PowerKeeper.Infrastruct.Data.csproj", "{536CBE9B-99E5-4F63-8EAE-B986C32E357D}"
EndProject
Project("{9A19103F-16F7-4668-BE54-9A1E7A4F7556}") = "PowerKeeper.Application", "PowerKeeper.Application\PowerKeeper.Application.csproj", "{ED99F846-7FA5-405E-A161-F50770225AC8}"
EndProject
Project("{2150E333-8FDC-42A3-9474-1A3956D46DE8}") = "User Interface", "User Interface", "{E7948AB7-831A-4A4A-94ED-8D75F2B376CB}"
EndProject
Project("{2150E333-8FDC-42A3-9474-1A3956D46DE8}") = "Application", "Application", "{93853F6C-CFB0-499B-97F7-CE5A6537924E}"
EndProject
Project("{2150E333-8FDC-42A3-9474-1A3956D46DE8}") = "Domain", "Domain", "{9DCE4FFA-F32B-43C0-BA99-4B2CA84C7B95}"
EndProject
Project("{2150E333-8FDC-42A3-9474-1A3956D46DE8}") = "Infrastructure", "Infrastructure", "{455D008B-B82F-40C9-B130-774332FCDACA}"
EndProject
Project("{FAE04EC0-301F-11D3-BF4B-00C04F79EFBC}") = "PowerKeeper.Api", "PowerKeeper.Api\PowerKeeper.Api.csproj", "{7F237754-693B-49BD-8D2A-BB87FDC88C6A}"
EndProject
Project("{FAE04EC0-301F-11D3-BF4B-00C04F79EFBC}") = "PowerKeeper.UI", "PowerKeeper.UI\PowerKeeper.UI.csproj", "{0FCB0433-592E-44EE-8EC4-824F125E3633}"
EndProject
Global
	GlobalSection(SolutionConfigurationPlatforms) = preSolution
		Debug|Any CPU = Debug|Any CPU
		Release|Any CPU = Release|Any CPU
	EndGlobalSection
	GlobalSection(ProjectConfigurationPlatforms) = postSolution
		{26650674-E66A-4D8B-8DDA-40A81B44D864}.Debug|Any CPU.ActiveCfg = Debug|Any CPU
		{26650674-E66A-4D8B-8DDA-40A81B44D864}.Debug|Any CPU.Build.0 = Debug|Any CPU
		{26650674-E66A-4D8B-8DDA-40A81B44D864}.Release|Any CPU.ActiveCfg = Release|Any CPU
		{26650674-E66A-4D8B-8DDA-40A81B44D864}.Release|Any CPU.Build.0 = Release|Any CPU
		{164F5358-681E-4B8B-8942-E319ACD30D7E}.Debug|Any CPU.ActiveCfg = Debug|Any CPU
		{164F5358-681E-4B8B-8942-E319ACD30D7E}.Debug|Any CPU.Build.0 = Debug|Any CPU
		{164F5358-681E-4B8B-8942-E319ACD30D7E}.Release|Any CPU.ActiveCfg = Release|Any CPU
		{164F5358-681E-4B8B-8942-E319ACD30D7E}.Release|Any CPU.Build.0 = Release|Any CPU
		{5B7BDFF3-5DFD-453D-8ECD-9C7AC0464662}.Debug|Any CPU.ActiveCfg = Debug|Any CPU
		{5B7BDFF3-5DFD-453D-8ECD-9C7AC0464662}.Debug|Any CPU.Build.0 = Debug|Any CPU
		{5B7BDFF3-5DFD-453D-8ECD-9C7AC0464662}.Release|Any CPU.ActiveCfg = Release|Any CPU
		{5B7BDFF3-5DFD-453D-8ECD-9C7AC0464662}.Release|Any CPU.Build.0 = Release|Any CPU
		{536CBE9B-99E5-4F63-8EAE-B986C32E357D}.Debug|Any CPU.ActiveCfg = Debug|Any CPU
		{536CBE9B-99E5-4F63-8EAE-B986C32E357D}.Debug|Any CPU.Build.0 = Debug|Any CPU
		{536CBE9B-99E5-4F63-8EAE-B986C32E357D}.Release|Any CPU.ActiveCfg = Release|Any CPU
		{536CBE9B-99E5-4F63-8EAE-B986C32E357D}.Release|Any CPU.Build.0 = Release|Any CPU
		{ED99F846-7FA5-405E-A161-F50770225AC8}.Debug|Any CPU.ActiveCfg = Debug|Any CPU
		{ED99F846-7FA5-405E-A161-F50770225AC8}.Debug|Any CPU.Build.0 = Debug|Any CPU
		{ED99F846-7FA5-405E-A161-F50770225AC8}.Release|Any CPU.ActiveCfg = Release|Any CPU
		{ED99F846-7FA5-405E-A161-F50770225AC8}.Release|Any CPU.Build.0 = Release|Any CPU
		{7F237754-693B-49BD-8D2A-BB87FDC88C6A}.Debug|Any CPU.ActiveCfg = Debug|Any CPU
		{7F237754-693B-49BD-8D2A-BB87FDC88C6A}.Debug|Any CPU.Build.0 = Debug|Any CPU
		{7F237754-693B-49BD-8D2A-BB87FDC88C6A}.Release|Any CPU.ActiveCfg = Release|Any CPU
		{7F237754-693B-49BD-8D2A-BB87FDC88C6A}.Release|Any CPU.Build.0 = Release|Any CPU
		{0FCB0433-592E-44EE-8EC4-824F125E3633}.Debug|Any CPU.ActiveCfg = Debug|Any CPU
		{0FCB0433-592E-44EE-8EC4-824F125E3633}.Debug|Any CPU.Build.0 = Debug|Any CPU
		{0FCB0433-592E-44EE-8EC4-824F125E3633}.Release|Any CPU.ActiveCfg = Release|Any CPU
		{0FCB0433-592E-44EE-8EC4-824F125E3633}.Release|Any CPU.Build.0 = Release|Any CPU
	EndGlobalSection
	GlobalSection(SolutionProperties) = preSolution
		HideSolutionNode = FALSE
	EndGlobalSection
	GlobalSection(NestedProjects) = preSolution
		{164F5358-681E-4B8B-8942-E319ACD30D7E} = {9DCE4FFA-F32B-43C0-BA99-4B2CA84C7B95}
		{5B7BDFF3-5DFD-453D-8ECD-9C7AC0464662} = {9DCE4FFA-F32B-43C0-BA99-4B2CA84C7B95}
		{536CBE9B-99E5-4F63-8EAE-B986C32E357D} = {455D008B-B82F-40C9-B130-774332FCDACA}
		{ED99F846-7FA5-405E-A161-F50770225AC8} = {93853F6C-CFB0-499B-97F7-CE5A6537924E}
		{7F237754-693B-49BD-8D2A-BB87FDC88C6A} = {E7948AB7-831A-4A4A-94ED-8D75F2B376CB}
		{0FCB0433-592E-44EE-8EC4-824F125E3633} = {E7948AB7-831A-4A4A-94ED-8D75F2B376CB}
	EndGlobalSection
	GlobalSection(ExtensibilityGlobals) = postSolution
		SolutionGuid = {30FD525F-4C55-4221-80F6-E2ECC1D8369C}
	EndGlobalSection
EndGlobal
